# THIS IS AN AUTOGENERATED FILE. DO NOT EDIT THIS FILE DIRECTLY.
# yarn lockfile v1


acorn@^5.2.1:
  version "5.7.4"
  resolved "https://registry.yarnpkg.com/acorn/-/acorn-5.7.4.tgz#3e8d8a9947d0599a1796d10225d7432f4a4acf5e"

amdefine@>=0.0.4:
  version "1.0.1"
  resolved "https://registry.yarnpkg.com/amdefine/-/amdefine-1.0.1.tgz#4a5282ac164729e93619bcfd3ad151f817ce91f5"

ansi-regex@^2.0.0:
  version "2.1.1"
  resolved "https://registry.yarnpkg.com/ansi-regex/-/ansi-regex-2.1.1.tgz#c3b33ab5ee360d86e0e628f0468ae7ef27d654df"

ansi-styles@^2.2.1:
  version "2.2.1"
  resolved "https://registry.yarnpkg.com/ansi-styles/-/ansi-styles-2.2.1.tgz#b432dd3358b634cf75e1e4664368240533c1ddbe"

asap@~2.0.3:
  version "2.0.6"
  resolved "https://registry.yarnpkg.com/asap/-/asap-2.0.6.tgz#e50347611d7e690943208bbdafebcbc2fb866d46"

ast-types@0.9.6:
  version "0.9.6"
  resolved "https://registry.yarnpkg.com/ast-types/-/ast-types-0.9.6.tgz#102c9e9e9005d3e7e3829bf0c4fa24ee862ee9b9"

axios@^0.7.0:
  version "0.7.0"
  resolved "https://registry.yarnpkg.com/axios/-/axios-0.7.0.tgz#489c269044d5066dfa2c64c749cb131b176f4a7a"

babel-code-frame@^6.26.0:
  version "6.26.0"
  resolved "https://registry.yarnpkg.com/babel-code-frame/-/babel-code-frame-6.26.0.tgz#63fd43f7dc1e3bb7ce35947db8fe369a3f58c74b"
  dependencies:
    chalk "^1.1.3"
    esutils "^2.0.2"
    js-tokens "^3.0.2"

babel-helper-bindify-decorators@^6.24.1:
  version "6.24.1"
  resolved "https://registry.yarnpkg.com/babel-helper-bindify-decorators/-/babel-helper-bindify-decorators-6.24.1.tgz#14c19e5f142d7b47f19a52431e52b1ccbc40a330"
  dependencies:
    babel-runtime "^6.22.0"
    babel-traverse "^6.24.1"
    babel-types "^6.24.1"

babel-helper-builder-binary-assignment-operator-visitor@^6.24.1:
  version "6.24.1"
  resolved "https://registry.yarnpkg.com/babel-helper-builder-binary-assignment-operator-visitor/-/babel-helper-builder-binary-assignment-operator-visitor-6.24.1.tgz#cce4517ada356f4220bcae8a02c2b346f9a56664"
  dependencies:
    babel-helper-explode-assignable-expression "^6.24.1"
    babel-runtime "^6.22.0"
    babel-types "^6.24.1"

babel-helper-explode-assignable-expression@^6.24.1:
  version "6.24.1"
  resolved "https://registry.yarnpkg.com/babel-helper-explode-assignable-expression/-/babel-helper-explode-assignable-expression-6.24.1.tgz#f25b82cf7dc10433c55f70592d5746400ac22caa"
  dependencies:
    babel-runtime "^6.22.0"
    babel-traverse "^6.24.1"
    babel-types "^6.24.1"

babel-helper-explode-class@^6.24.1:
  version "6.24.1"
  resolved "https://registry.yarnpkg.com/babel-helper-explode-class/-/babel-helper-explode-class-6.24.1.tgz#7dc2a3910dee007056e1e31d640ced3d54eaa9eb"
  dependencies:
    babel-helper-bindify-decorators "^6.24.1"
    babel-runtime "^6.22.0"
    babel-traverse "^6.24.1"
    babel-types "^6.24.1"

babel-helper-function-name@^6.24.1:
  version "6.24.1"
  resolved "https://registry.yarnpkg.com/babel-helper-function-name/-/babel-helper-function-name-6.24.1.tgz#d3475b8c03ed98242a25b48351ab18399d3580a9"
  dependencies:
    babel-helper-get-function-arity "^6.24.1"
    babel-runtime "^6.22.0"
    babel-template "^6.24.1"
    babel-traverse "^6.24.1"
    babel-types "^6.24.1"

babel-helper-get-function-arity@^6.24.1:
  version "6.24.1"
  resolved "https://registry.yarnpkg.com/babel-helper-get-function-arity/-/babel-helper-get-function-arity-6.24.1.tgz#8f7782aa93407c41d3aa50908f89b031b1b6853d"
  dependencies:
    babel-runtime "^6.22.0"
    babel-types "^6.24.1"

babel-helper-remap-async-to-generator@^6.24.1:
  version "6.24.1"
  resolved "https://registry.yarnpkg.com/babel-helper-remap-async-to-generator/-/babel-helper-remap-async-to-generator-6.24.1.tgz#5ec581827ad723fecdd381f1c928390676e4551b"
  dependencies:
    babel-helper-function-name "^6.24.1"
    babel-runtime "^6.22.0"
    babel-template "^6.24.1"
    babel-traverse "^6.24.1"
    babel-types "^6.24.1"

babel-messages@^6.23.0:
  version "6.23.0"
  resolved "https://registry.yarnpkg.com/babel-messages/-/babel-messages-6.23.0.tgz#f3cdf4703858035b2a2951c6ec5edf6c62f2630e"
  dependencies:
    babel-runtime "^6.22.0"

babel-plugin-syntax-async-functions@^6.8.0:
  version "6.13.0"
  resolved "https://registry.yarnpkg.com/babel-plugin-syntax-async-functions/-/babel-plugin-syntax-async-functions-6.13.0.tgz#cad9cad1191b5ad634bf30ae0872391e0647be95"

babel-plugin-syntax-async-generators@^6.5.0:
  version "6.13.0"
  resolved "https://registry.yarnpkg.com/babel-plugin-syntax-async-generators/-/babel-plugin-syntax-async-generators-6.13.0.tgz#6bc963ebb16eccbae6b92b596eb7f35c342a8b9a"

babel-plugin-syntax-class-constructor-call@^6.18.0:
  version "6.18.0"
  resolved "https://registry.yarnpkg.com/babel-plugin-syntax-class-constructor-call/-/babel-plugin-syntax-class-constructor-call-6.18.0.tgz#9cb9d39fe43c8600bec8146456ddcbd4e1a76416"

babel-plugin-syntax-class-properties@^6.8.0:
  version "6.13.0"
  resolved "https://registry.yarnpkg.com/babel-plugin-syntax-class-properties/-/babel-plugin-syntax-class-properties-6.13.0.tgz#d7eb23b79a317f8543962c505b827c7d6cac27de"

babel-plugin-syntax-decorators@^6.13.0:
  version "6.13.0"
  resolved "https://registry.yarnpkg.com/babel-plugin-syntax-decorators/-/babel-plugin-syntax-decorators-6.13.0.tgz#312563b4dbde3cc806cee3e416cceeaddd11ac0b"

babel-plugin-syntax-dynamic-import@^6.18.0:
  version "6.18.0"
  resolved "https://registry.yarnpkg.com/babel-plugin-syntax-dynamic-import/-/babel-plugin-syntax-dynamic-import-6.18.0.tgz#8d6a26229c83745a9982a441051572caa179b1da"

babel-plugin-syntax-exponentiation-operator@^6.8.0:
  version "6.13.0"
  resolved "https://registry.yarnpkg.com/babel-plugin-syntax-exponentiation-operator/-/babel-plugin-syntax-exponentiation-operator-6.13.0.tgz#9ee7e8337290da95288201a6a57f4170317830de"

babel-plugin-syntax-export-extensions@^6.8.0:
  version "6.13.0"
  resolved "https://registry.yarnpkg.com/babel-plugin-syntax-export-extensions/-/babel-plugin-syntax-export-extensions-6.13.0.tgz#70a1484f0f9089a4e84ad44bac353c95b9b12721"

babel-plugin-syntax-object-rest-spread@^6.8.0:
  version "6.13.0"
  resolved "https://registry.yarnpkg.com/babel-plugin-syntax-object-rest-spread/-/babel-plugin-syntax-object-rest-spread-6.13.0.tgz#fd6536f2bce13836ffa3a5458c4903a597bb3bf5"

babel-plugin-syntax-trailing-function-commas@^6.22.0:
  version "6.22.0"
  resolved "https://registry.yarnpkg.com/babel-plugin-syntax-trailing-function-commas/-/babel-plugin-syntax-trailing-function-commas-6.22.0.tgz#ba0360937f8d06e40180a43fe0d5616fff532cf3"

babel-plugin-transform-async-generator-functions@^6.24.1:
  version "6.24.1"
  resolved "https://registry.yarnpkg.com/babel-plugin-transform-async-generator-functions/-/babel-plugin-transform-async-generator-functions-6.24.1.tgz#f058900145fd3e9907a6ddf28da59f215258a5db"
  dependencies:
    babel-helper-remap-async-to-generator "^6.24.1"
    babel-plugin-syntax-async-generators "^6.5.0"
    babel-runtime "^6.22.0"

babel-plugin-transform-async-to-generator@^6.24.1:
  version "6.24.1"
  resolved "https://registry.yarnpkg.com/babel-plugin-transform-async-to-generator/-/babel-plugin-transform-async-to-generator-6.24.1.tgz#6536e378aff6cb1d5517ac0e40eb3e9fc8d08761"
  dependencies:
    babel-helper-remap-async-to-generator "^6.24.1"
    babel-plugin-syntax-async-functions "^6.8.0"
    babel-runtime "^6.22.0"

babel-plugin-transform-class-constructor-call@^6.24.1:
  version "6.24.1"
  resolved "https://registry.yarnpkg.com/babel-plugin-transform-class-constructor-call/-/babel-plugin-transform-class-constructor-call-6.24.1.tgz#80dc285505ac067dcb8d6c65e2f6f11ab7765ef9"
  dependencies:
    babel-plugin-syntax-class-constructor-call "^6.18.0"
    babel-runtime "^6.22.0"
    babel-template "^6.24.1"

babel-plugin-transform-class-properties@^6.24.1:
  version "6.24.1"
  resolved "https://registry.yarnpkg.com/babel-plugin-transform-class-properties/-/babel-plugin-transform-class-properties-6.24.1.tgz#6a79763ea61d33d36f37b611aa9def81a81b46ac"
  dependencies:
    babel-helper-function-name "^6.24.1"
    babel-plugin-syntax-class-properties "^6.8.0"
    babel-runtime "^6.22.0"
    babel-template "^6.24.1"

babel-plugin-transform-decorators@^6.24.1:
  version "6.24.1"
  resolved "https://registry.yarnpkg.com/babel-plugin-transform-decorators/-/babel-plugin-transform-decorators-6.24.1.tgz#788013d8f8c6b5222bdf7b344390dfd77569e24d"
  dependencies:
    babel-helper-explode-class "^6.24.1"
    babel-plugin-syntax-decorators "^6.13.0"
    babel-runtime "^6.22.0"
    babel-template "^6.24.1"
    babel-types "^6.24.1"

babel-plugin-transform-exponentiation-operator@^6.24.1:
  version "6.24.1"
  resolved "https://registry.yarnpkg.com/babel-plugin-transform-exponentiation-operator/-/babel-plugin-transform-exponentiation-operator-6.24.1.tgz#2ab0c9c7f3098fa48907772bb813fe41e8de3a0e"
  dependencies:
    babel-helper-builder-binary-assignment-operator-visitor "^6.24.1"
    babel-plugin-syntax-exponentiation-operator "^6.8.0"
    babel-runtime "^6.22.0"

babel-plugin-transform-export-extensions@^6.22.0:
  version "6.22.0"
  resolved "https://registry.yarnpkg.com/babel-plugin-transform-export-extensions/-/babel-plugin-transform-export-extensions-6.22.0.tgz#53738b47e75e8218589eea946cbbd39109bbe653"
  dependencies:
    babel-plugin-syntax-export-extensions "^6.8.0"
    babel-runtime "^6.22.0"

babel-plugin-transform-object-rest-spread@^6.22.0:
  version "6.26.0"
  resolved "https://registry.yarnpkg.com/babel-plugin-transform-object-rest-spread/-/babel-plugin-transform-object-rest-spread-6.26.0.tgz#0f36692d50fef6b7e2d4b3ac1478137a963b7b06"
  dependencies:
    babel-plugin-syntax-object-rest-spread "^6.8.0"
    babel-runtime "^6.26.0"

babel-preset-stage-1@^6.1.18:
  version "6.24.1"
  resolved "https://registry.yarnpkg.com/babel-preset-stage-1/-/babel-preset-stage-1-6.24.1.tgz#7692cd7dcd6849907e6ae4a0a85589cfb9e2bfb0"
  dependencies:
    babel-plugin-transform-class-constructor-call "^6.24.1"
    babel-plugin-transform-export-extensions "^6.22.0"
    babel-preset-stage-2 "^6.24.1"

babel-preset-stage-2@^6.24.1:
  version "6.24.1"
  resolved "https://registry.yarnpkg.com/babel-preset-stage-2/-/babel-preset-stage-2-6.24.1.tgz#d9e2960fb3d71187f0e64eec62bc07767219bdc1"
  dependencies:
    babel-plugin-syntax-dynamic-import "^6.18.0"
    babel-plugin-transform-class-properties "^6.24.1"
    babel-plugin-transform-decorators "^6.24.1"
    babel-preset-stage-3 "^6.24.1"

babel-preset-stage-3@^6.24.1:
  version "6.24.1"
  resolved "https://registry.yarnpkg.com/babel-preset-stage-3/-/babel-preset-stage-3-6.24.1.tgz#836ada0a9e7a7fa37cb138fb9326f87934a48395"
  dependencies:
    babel-plugin-syntax-trailing-function-commas "^6.22.0"
    babel-plugin-transform-async-generator-functions "^6.24.1"
    babel-plugin-transform-async-to-generator "^6.24.1"
    babel-plugin-transform-exponentiation-operator "^6.24.1"
    babel-plugin-transform-object-rest-spread "^6.22.0"

babel-runtime@^6.22.0, babel-runtime@^6.26.0:
  version "6.26.0"
  resolved "https://registry.yarnpkg.com/babel-runtime/-/babel-runtime-6.26.0.tgz#965c7058668e82b55d7bfe04ff2337bc8b5647fe"
  dependencies:
    core-js "^2.4.0"
    regenerator-runtime "^0.11.0"

babel-template@^6.24.1:
  version "6.26.0"
  resolved "https://registry.yarnpkg.com/babel-template/-/babel-template-6.26.0.tgz#de03e2d16396b069f46dd9fff8521fb1a0e35e02"
  dependencies:
    babel-runtime "^6.26.0"
    babel-traverse "^6.26.0"
    babel-types "^6.26.0"
    babylon "^6.18.0"
    lodash "^4.17.4"

babel-traverse@^6.24.1, babel-traverse@^6.26.0:
  version "6.26.0"
  resolved "https://registry.yarnpkg.com/babel-traverse/-/babel-traverse-6.26.0.tgz#46a9cbd7edcc62c8e5c064e2d2d8d0f4035766ee"
  dependencies:
    babel-code-frame "^6.26.0"
    babel-messages "^6.23.0"
    babel-runtime "^6.26.0"
    babel-types "^6.26.0"
    babylon "^6.18.0"
    debug "^2.6.8"
    globals "^9.18.0"
    invariant "^2.2.2"
    lodash "^4.17.4"

babel-types@^6.24.1, babel-types@^6.26.0:
  version "6.26.0"
  resolved "https://registry.yarnpkg.com/babel-types/-/babel-types-6.26.0.tgz#a3b073f94ab49eb6fa55cd65227a334380632497"
  dependencies:
    babel-runtime "^6.26.0"
    esutils "^2.0.2"
    lodash "^4.17.4"
    to-fast-properties "^1.0.3"

babylon@^6.18.0:
  version "6.18.0"
  resolved "https://registry.yarnpkg.com/babylon/-/babylon-6.18.0.tgz#af2f3b88fa6f5c1e4c634d1a0f8eac4f55b395e3"

balanced-match@^1.0.0:
  version "1.0.0"
  resolved "https://registry.yarnpkg.com/balanced-match/-/balanced-match-1.0.0.tgz#89b4d199ab2bee49de164ea02b89ce462d71b767"

base62@^1.1.0:
  version "1.2.8"
  resolved "https://registry.yarnpkg.com/base62/-/base62-1.2.8.tgz#1264cb0fb848d875792877479dbe8bae6bae3428"

brace-expansion@^1.1.7:
  version "1.1.11"
  resolved "https://registry.yarnpkg.com/brace-expansion/-/brace-expansion-1.1.11.tgz#3c7fcbf529d87226f3d2f52b966ff5271eb441dd"
  dependencies:
    balanced-match "^1.0.0"
    concat-map "0.0.1"

call-bind@^1.0.0, call-bind@^1.0.2:
  version "1.0.2"
  resolved "https://registry.yarnpkg.com/call-bind/-/call-bind-1.0.2.tgz#b1d4e89e688119c3c9a903ad30abb2f6a919be3c"
  dependencies:
    function-bind "^1.1.1"
    get-intrinsic "^1.0.2"

chalk@^1.1.3:
  version "1.1.3"
  resolved "https://registry.yarnpkg.com/chalk/-/chalk-1.1.3.tgz#a8115c55e4a702fe4d150abd3872822a7e09fc98"
  dependencies:
    ansi-styles "^2.2.1"
    escape-string-regexp "^1.0.2"
    has-ansi "^2.0.0"
    strip-ansi "^3.0.0"
    supports-color "^2.0.0"

commander@^2.5.0:
  version "2.20.3"
  resolved "https://registry.yarnpkg.com/commander/-/commander-2.20.3.tgz#fd485e84c03eb4881c20722ba48035e8531aeb33"

commoner@^0.10.1:
  version "0.10.8"
  resolved "https://registry.yarnpkg.com/commoner/-/commoner-0.10.8.tgz#34fc3672cd24393e8bb47e70caa0293811f4f2c5"
  dependencies:
    commander "^2.5.0"
    detective "^4.3.1"
    glob "^5.0.15"
    graceful-fs "^4.1.2"
    iconv-lite "^0.4.5"
    mkdirp "^0.5.0"
    private "^0.1.6"
    q "^1.1.2"
    recast "^0.11.17"

concat-map@0.0.1:
  version "0.0.1"
  resolved "https://registry.yarnpkg.com/concat-map/-/concat-map-0.0.1.tgz#d8a96bd77fd68df7793a73036a3ba0d5405d477b"

core-js@^1.0.0:
  version "1.2.7"
  resolved "https://registry.yarnpkg.com/core-js/-/core-js-1.2.7.tgz#652294c14651db28fa93bd2d5ff2983a4f08c636"

core-js@^2.4.0:
  version "2.5.3"
  resolved "https://registry.yarnpkg.com/core-js/-/core-js-2.5.3.tgz#8acc38345824f16d8365b7c9b4259168e8ed603e"

debug@^2.6.8:
  version "2.6.9"
  resolved "https://registry.yarnpkg.com/debug/-/debug-2.6.9.tgz#5d128515df134ff327e90a4c93f4e077a536341f"
  dependencies:
    ms "2.0.0"

deep-equal@^1.0.0:
  version "1.1.1"
  resolved "https://registry.yarnpkg.com/deep-equal/-/deep-equal-1.1.1.tgz#b5c98c942ceffaf7cb051e24e1434a25a2e6076a"
  dependencies:
    is-arguments "^1.0.4"
    is-date-object "^1.0.1"
    is-regex "^1.0.4"
    object-is "^1.0.1"
    object-keys "^1.1.1"
    regexp.prototype.flags "^1.2.0"

define-properties@^1.1.3:
  version "1.1.3"
  resolved "https://registry.yarnpkg.com/define-properties/-/define-properties-1.1.3.tgz#cf88da6cbee26fe6db7094f61d870cbd84cee9f1"
  dependencies:
    object-keys "^1.0.12"

defined@^1.0.0:
  version "1.0.0"
  resolved "https://registry.yarnpkg.com/defined/-/defined-1.0.0.tgz#c98d9bcef75674188e110969151199e39b1fa693"

detective@^4.3.1:
  version "4.7.1"
  resolved "https://registry.yarnpkg.com/detective/-/detective-4.7.1.tgz#0eca7314338442febb6d65da54c10bb1c82b246e"
  dependencies:
    acorn "^5.2.1"
    defined "^1.0.0"

envify@^3.0.0:
  version "3.4.1"
  resolved "https://registry.yarnpkg.com/envify/-/envify-3.4.1.tgz#d7122329e8df1688ba771b12501917c9ce5cbce8"
  dependencies:
    jstransform "^11.0.3"
    through "~2.3.4"

escape-string-regexp@^1.0.2:
  version "1.0.5"
  resolved "https://registry.yarnpkg.com/escape-string-regexp/-/escape-string-regexp-1.0.5.tgz#1b61c0562190a8dff6ae3bb2cf0200ca130b86d4"

esprima-fb@^15001.1.0-dev-harmony-fb:
  version "15001.1.0-dev-harmony-fb"
  resolved "https://registry.yarnpkg.com/esprima-fb/-/esprima-fb-15001.1.0-dev-harmony-fb.tgz#30a947303c6b8d5e955bee2b99b1d233206a6901"

esprima@~3.1.0:
  version "3.1.3"
  resolved "https://registry.yarnpkg.com/esprima/-/esprima-3.1.3.tgz#fdca51cee6133895e3c88d535ce49dbff62a4633"

esutils@^2.0.2:
  version "2.0.2"
  resolved "https://registry.yarnpkg.com/esutils/-/esutils-2.0.2.tgz#0abf4f1caa5bcb1f7a9d8acc6dea4faaa04bac9b"

fbjs@^0.6.1:
  version "0.6.1"
  resolved "https://registry.yarnpkg.com/fbjs/-/fbjs-0.6.1.tgz#9636b7705f5ba9684d44b72f78321254afc860f7"
  dependencies:
    core-js "^1.0.0"
    loose-envify "^1.0.0"
    promise "^7.0.3"
    ua-parser-js "^0.7.9"
    whatwg-fetch "^0.9.0"

function-bind@^1.0.2, function-bind@^1.1.1:
  version "1.1.1"
  resolved "https://registry.yarnpkg.com/function-bind/-/function-bind-1.1.1.tgz#a56899d3ea3c9bab874bb9773b7c5ede92f4895d"

get-intrinsic@^1.0.2:
  version "1.1.1"
  resolved "https://registry.yarnpkg.com/get-intrinsic/-/get-intrinsic-1.1.1.tgz#15f59f376f855c446963948f0d24cd3637b4abc6"
  dependencies:
    function-bind "^1.1.1"
    has "^1.0.3"
    has-symbols "^1.0.1"

glob@^5.0.15:
  version "5.0.15"
  resolved "https://registry.yarnpkg.com/glob/-/glob-5.0.15.tgz#1bc936b9e02f4a603fcc222ecf7633d30b8b93b1"
  dependencies:
    inflight "^1.0.4"
    inherits "2"
    minimatch "2 || 3"
    once "^1.3.0"
    path-is-absolute "^1.0.0"

globals@^9.18.0:
  version "9.18.0"
  resolved "https://registry.yarnpkg.com/globals/-/globals-9.18.0.tgz#aa3896b3e69b487f17e31ed2143d69a8e30c2d8a"

graceful-fs@^4.1.2:
  version "4.1.11"
  resolved "https://registry.yarnpkg.com/graceful-fs/-/graceful-fs-4.1.11.tgz#0e8bdfe4d1ddb8854d64e04ea7c00e2a026e5658"

has-ansi@^2.0.0:
  version "2.0.0"
  resolved "https://registry.yarnpkg.com/has-ansi/-/has-ansi-2.0.0.tgz#34f5049ce1ecdf2b0649af3ef24e45ed35416d91"
  dependencies:
    ansi-regex "^2.0.0"

has-symbols@^1.0.1:
  version "1.0.2"
  resolved "https://registry.yarnpkg.com/has-symbols/-/has-symbols-1.0.2.tgz#165d3070c00309752a1236a479331e3ac56f1423"

has@^1.0.1:
  version "1.0.1"
  resolved "https://registry.yarnpkg.com/has/-/has-1.0.1.tgz#8461733f538b0837c9361e39a9ab9e9704dc2f28"
  dependencies:
    function-bind "^1.0.2"

has@^1.0.3:
  version "1.0.3"
  resolved "https://registry.yarnpkg.com/has/-/has-1.0.3.tgz#722d7cbfc1f6aa8241f16dd814e011e1f41e8796"
  dependencies:
    function-bind "^1.1.1"

history@^2.1.2:
  version "2.1.2"
  resolved "https://registry.yarnpkg.com/history/-/history-2.1.2.tgz#4aa2de897a0e4867e4539843be6ecdb2986bfdec"
  dependencies:
    deep-equal "^1.0.0"
    invariant "^2.0.0"
    query-string "^3.0.0"
    warning "^2.0.0"

hoist-non-react-statics@^1.0.3, hoist-non-react-statics@^1.2.0:
  version "1.2.0"
  resolved "https://registry.yarnpkg.com/hoist-non-react-statics/-/hoist-non-react-statics-1.2.0.tgz#aa448cf0986d55cc40773b17174b7dd066cb7cfb"

iconv-lite@^0.4.5:
  version "0.4.24"
  resolved "https://registry.yarnpkg.com/iconv-lite/-/iconv-lite-0.4.24.tgz#2022b4b25fbddc21d2f524974a474aafe733908b"
  dependencies:
    safer-buffer ">= 2.1.2 < 3"

inflight@^1.0.4:
  version "1.0.6"
  resolved "https://registry.yarnpkg.com/inflight/-/inflight-1.0.6.tgz#49bd6331d7d02d0c09bc910a1075ba8165b56df9"
  dependencies:
    once "^1.3.0"
    wrappy "1"

inherits@2:
  version "2.0.3"
  resolved "https://registry.yarnpkg.com/inherits/-/inherits-2.0.3.tgz#633c2c83e3da42a502f52466022480f4208261de"

invariant@^2.0.0, invariant@^2.2.1:
  version "2.2.4"
  resolved "https://registry.yarnpkg.com/invariant/-/invariant-2.2.4.tgz#610f3c92c9359ce1db616e538008d23ff35158e6"
  dependencies:
    loose-envify "^1.0.0"

invariant@^2.2.2:
  version "2.2.2"
  resolved "https://registry.yarnpkg.com/invariant/-/invariant-2.2.2.tgz#9e1f56ac0acdb6bf303306f338be3b204ae60360"
  dependencies:
    loose-envify "^1.0.0"

is-arguments@^1.0.4:
  version "1.1.0"
  resolved "https://registry.yarnpkg.com/is-arguments/-/is-arguments-1.1.0.tgz#62353031dfbee07ceb34656a6bde59efecae8dd9"
  dependencies:
    call-bind "^1.0.0"

is-date-object@^1.0.1:
  version "1.0.1"
  resolved "https://registry.yarnpkg.com/is-date-object/-/is-date-object-1.0.1.tgz#9aa20eb6aeebbff77fbd33e74ca01b33581d3a16"

is-regex@^1.0.4:
  version "1.0.4"
  resolved "https://registry.yarnpkg.com/is-regex/-/is-regex-1.0.4.tgz#5517489b547091b0930e095654ced25ee97e9491"
  dependencies:
    has "^1.0.1"

js-tokens@^3.0.0, js-tokens@^3.0.2:
  version "3.0.2"
  resolved "https://registry.yarnpkg.com/js-tokens/-/js-tokens-3.0.2.tgz#9866df395102130e38f7f996bceb65443209c25b"

"js-tokens@^3.0.0 || ^4.0.0":
  version "4.0.0"
  resolved "https://registry.yarnpkg.com/js-tokens/-/js-tokens-4.0.0.tgz#19203fb59991df98e3a287050d4647cdeaf32499"

jstransform@^11.0.3:
  version "11.0.3"
  resolved "https://registry.yarnpkg.com/jstransform/-/jstransform-11.0.3.tgz#09a78993e0ae4d4ef4487f6155a91f6190cb4223"
  dependencies:
    base62 "^1.1.0"
    commoner "^0.10.1"
    esprima-fb "^15001.1.0-dev-harmony-fb"
    object-assign "^2.0.0"
    source-map "^0.4.2"

lodash-es@^4.2.1:
  version "4.17.21"
  resolved "https://registry.yarnpkg.com/lodash-es/-/lodash-es-4.17.21.tgz#43e626c46e6591b7750beb2b50117390c609e3ee"

lodash@^4.17.21, lodash@^4.17.4, lodash@^4.2.0, lodash@^4.2.1:
  version "4.17.21"
  resolved "https://registry.yarnpkg.com/lodash/-/lodash-4.17.21.tgz#679591c564c3bffaae8454cf0b3df370c3d6911c"

loose-envify@^1.0.0, loose-envify@^1.1.0:
  version "1.3.1"
  resolved "https://registry.yarnpkg.com/loose-envify/-/loose-envify-1.3.1.tgz#d1a8ad33fa9ce0e713d65fdd0ac8b748d478c848"
  dependencies:
    js-tokens "^3.0.0"

loose-envify@^1.2.0:
  version "1.4.0"
  resolved "https://registry.yarnpkg.com/loose-envify/-/loose-envify-1.4.0.tgz#71ee51fa7be4caec1a63839f7e682d8132d30caf"
  dependencies:
    js-tokens "^3.0.0 || ^4.0.0"

"minimatch@2 || 3":
  version "3.0.4"
  resolved "https://registry.yarnpkg.com/minimatch/-/minimatch-3.0.4.tgz#5166e286457f03306064be5497e8dbb0c3d32083"
  dependencies:
    brace-expansion "^1.1.7"

minimist@^1.2.5:
  version "1.2.5"
  resolved "https://registry.yarnpkg.com/minimist/-/minimist-1.2.5.tgz#67d66014b66a6a8aaa0c083c5fd58df4e4e97602"

mkdirp@^0.5.0:
  version "0.5.5"
  resolved "https://registry.yarnpkg.com/mkdirp/-/mkdirp-0.5.5.tgz#d91cefd62d1436ca0f41620e251288d420099def"
  dependencies:
    minimist "^1.2.5"

ms@2.0.0:
  version "2.0.0"
  resolved "https://registry.yarnpkg.com/ms/-/ms-2.0.0.tgz#5608aeadfc00be6c2901df5f9861788de0d597c8"

object-assign@^2.0.0:
  version "2.1.1"
  resolved "https://registry.yarnpkg.com/object-assign/-/object-assign-2.1.1.tgz#43c36e5d569ff8e4816c4efa8be02d26967c18aa"

object-is@^1.0.1:
  version "1.1.5"
  resolved "https://registry.yarnpkg.com/object-is/-/object-is-1.1.5.tgz#b9deeaa5fc7f1846a0faecdceec138e5778f53ac"
  dependencies:
    call-bind "^1.0.2"
    define-properties "^1.1.3"

object-keys@^1.0.12, object-keys@^1.1.1:
  version "1.1.1"
  resolved "https://registry.yarnpkg.com/object-keys/-/object-keys-1.1.1.tgz#1c47f272df277f3b1daf061677d9c82e2322c60e"

once@^1.3.0:
  version "1.4.0"
  resolved "https://registry.yarnpkg.com/once/-/once-1.4.0.tgz#583b1aa775961d4b113ac17d9c50baef9dd76bd1"
  dependencies:
    wrappy "1"

path-is-absolute@^1.0.0:
  version "1.0.1"
  resolved "https://registry.yarnpkg.com/path-is-absolute/-/path-is-absolute-1.0.1.tgz#174b9268735534ffbc7ace6bf53a5a9e1b5c5f5f"

private@^0.1.6, private@~0.1.5:
  version "0.1.8"
  resolved "https://registry.yarnpkg.com/private/-/private-0.1.8.tgz#2381edb3689f7a53d653190060fcf822d2f368ff"

promise@^7.0.3:
  version "7.3.1"
  resolved "https://registry.yarnpkg.com/promise/-/promise-7.3.1.tgz#064b72602b18f90f29192b8b1bc418ffd1ebd3bf"
  dependencies:
    asap "~2.0.3"

q@^1.1.2:
  version "1.5.1"
  resolved "https://registry.yarnpkg.com/q/-/q-1.5.1.tgz#7e32f75b41381291d04611f1bf14109ac00651d7"

query-string@^3.0.0:
  version "3.0.3"
  resolved "https://registry.yarnpkg.com/query-string/-/query-string-3.0.3.tgz#ae2e14b4d05071d4e9b9eb4873c35b0dcd42e638"
  dependencies:
    strict-uri-encode "^1.0.0"

react-dom@^0.14.3:
  version "0.14.10"
  resolved "https://registry.yarnpkg.com/react-dom/-/react-dom-0.14.10.tgz#da883daef7fa86838e9e2fcfcc084c590c350e21"

react-redux@4.3.0:
  version "4.3.0"
  resolved "https://registry.yarnpkg.com/react-redux/-/react-redux-4.3.0.tgz#ff7cc13687755891cc05e6cce3ea74ee42099ccd"
  dependencies:
    hoist-non-react-statics "^1.0.3"
    invariant "^2.0.0"
    lodash "^4.2.0"
    loose-envify "^1.1.0"

react-router@^2.0.1:
  version "2.8.1"
  resolved "https://registry.yarnpkg.com/react-router/-/react-router-2.8.1.tgz#73e9491f6ceb316d0f779829081863e378ee4ed7"
  dependencies:
    history "^2.1.2"
    hoist-non-react-statics "^1.2.0"
    invariant "^2.2.1"
    loose-envify "^1.2.0"
    warning "^3.0.0"

react@^0.14.3:
  version "0.14.10"
  resolved "https://registry.yarnpkg.com/react/-/react-0.14.10.tgz#c10d7750f1c5b34eee2a123915ac4c14c01c1081"
  dependencies:
    envify "^3.0.0"
    fbjs "^0.6.1"

recast@^0.11.17:
  version "0.11.23"
  resolved "https://registry.yarnpkg.com/recast/-/recast-0.11.23.tgz#451fd3004ab1e4df9b4e4b66376b2a21912462d3"
  dependencies:
    ast-types "0.9.6"
    esprima "~3.1.0"
    private "~0.1.5"
    source-map "~0.5.0"

redux@^3.0.4:
  version "3.7.2"
  resolved "https://registry.yarnpkg.com/redux/-/redux-3.7.2.tgz#06b73123215901d25d065be342eb026bc1c8537b"
  dependencies:
    lodash "^4.2.1"
    lodash-es "^4.2.1"
    loose-envify "^1.1.0"
    symbol-observable "^1.0.3"

regenerator-runtime@^0.11.0:
  version "0.11.1"
  resolved "https://registry.yarnpkg.com/regenerator-runtime/-/regenerator-runtime-0.11.1.tgz#be05ad7f9bf7d22e056f9726cee5017fbf19e2e9"

regexp.prototype.flags@^1.2.0:
  version "1.3.1"
  resolved "https://registry.yarnpkg.com/regexp.prototype.flags/-/regexp.prototype.flags-1.3.1.tgz#7ef352ae8d159e758c0eadca6f8fcb4eef07be26"
  dependencies:
    call-bind "^1.0.2"
    define-properties "^1.1.3"

"safer-buffer@>= 2.1.2 < 3":
  version "2.1.2"
  resolved "https://registry.yarnpkg.com/safer-buffer/-/safer-buffer-2.1.2.tgz#44fa161b0187b9549dd84bb91802f9bd8385cd6a"

source-map@^0.4.2:
  version "0.4.4"
  resolved "https://registry.yarnpkg.com/source-map/-/source-map-0.4.4.tgz#eba4f5da9c0dc999de68032d8b4f76173652036b"
  dependencies:
    amdefine ">=0.0.4"

source-map@~0.5.0:
  version "0.5.7"
  resolved "https://registry.yarnpkg.com/source-map/-/source-map-0.5.7.tgz#8a039d2d1021d22d1ea14c80d8ea468ba2ef3fcc"

strict-uri-encode@^1.0.0:
  version "1.1.0"
  resolved "https://registry.yarnpkg.com/strict-uri-encode/-/strict-uri-encode-1.1.0.tgz#279b225df1d582b1f54e65addd4352e18faa0713"

strip-ansi@^3.0.0:
  version "3.0.1"
  resolved "https://registry.yarnpkg.com/strip-ansi/-/strip-ansi-3.0.1.tgz#6a385fb8853d952d5ff05d0e8aaf94278dc63dcf"
  dependencies:
    ansi-regex "^2.0.0"

supports-color@^2.0.0:
  version "2.0.0"
  resolved "https://registry.yarnpkg.com/supports-color/-/supports-color-2.0.0.tgz#535d045ce6b6363fa40117084629995e9df324c7"

symbol-observable@^1.0.3:
  version "1.2.0"
  resolved "https://registry.yarnpkg.com/symbol-observable/-/symbol-observable-1.2.0.tgz#c22688aed4eab3cdc2dfeacbb561660560a00804"

through@~2.3.4:
  version "2.3.8"
  resolved "https://registry.yarnpkg.com/through/-/through-2.3.8.tgz#0dd4c9ffaabc357960b1b724115d7e0e86a2e1f5"

to-fast-properties@^1.0.3:
  version "1.0.3"
  resolved "https://registry.yarnpkg.com/to-fast-properties/-/to-fast-properties-1.0.3.tgz#b83571fa4d8c25b82e231b06e3a3055de4ca1a47"

ua-parser-js@^0.7.9:
  version "0.7.17"
  resolved "https://registry.yarnpkg.com/ua-parser-js/-/ua-parser-js-0.7.17.tgz#e9ec5f9498b9ec910e7ae3ac626a805c4d09ecac"

warning@^2.0.0:
  version "2.1.0"
  resolved "https://registry.yarnpkg.com/warning/-/warning-2.1.0.tgz#21220d9c63afc77a8c92111e011af705ce0c6901"
  dependencies:
    loose-envify "^1.0.0"

warning@^3.0.0:
  version "3.0.0"
  resolved "https://registry.yarnpkg.com/warning/-/warning-3.0.0.tgz#32e5377cb572de4ab04753bdf8821c01ed605b7c"
  dependencies:
    loose-envify "^1.0.0"

whatwg-fetch@^0.9.0:
  version "0.9.0"
  resolved "https://registry.yarnpkg.com/whatwg-fetch/-/whatwg-fetch-0.9.0.tgz#0e3684c6cb9995b43efc9df03e4c365d95fd9cc0"

wrappy@1:
  version "1.0.2"
  resolved "https://registry.yarnpkg.com/wrappy/-/wrappy-1.0.2.tgz#b5243d8f3ec1aa35f1364605bc0d1036e30ab69f"

youtube-api-search@0.0.5:
  version "0.0.5"
  resolved "https://registry.yarnpkg.com/youtube-api-search/-/youtube-api-search-0.0.5.tgz#9dd686de762ff2504a90288c57fce5a370643002"
  dependencies:
    axios "^0.7.0"
